// !$*UTF8*$!
{
	archiveVersion = 1;
	classes = {
	};
	objectVersion = 46;
	objects = {

/* Begin PBXBuildFile section */
		AF0A0BD11C6D108100FA6278 /* CoreDataManager.m in Sources */ = {isa = PBXBuildFile; fileRef = AF0A0BD01C6D108100FA6278 /* CoreDataManager.m */; };
		AF0A0BD31C6D109000FA6278 /* CoreData.framework in Frameworks */ = {isa = PBXBuildFile; fileRef = AF0A0BD21C6D109000FA6278 /* CoreData.framework */; };
		AF0D48AD1C627CC0006CBB1D /* Foto.m in Sources */ = {isa = PBXBuildFile; fileRef = AF0D48AC1C627CC0006CBB1D /* Foto.m */; };
		AF0D48B01C627D6D006CBB1D /* Notificacion.m in Sources */ = {isa = PBXBuildFile; fileRef = AF0D48AF1C627D6D006CBB1D /* Notificacion.m */; };
		AF0D48B31C627E23006CBB1D /* Comentario.m in Sources */ = {isa = PBXBuildFile; fileRef = AF0D48B21C627E23006CBB1D /* Comentario.m */; };
		AF0D48B61C6287F3006CBB1D /* PropertySearchViewController.m in Sources */ = {isa = PBXBuildFile; fileRef = AF0D48B51C6287F3006CBB1D /* PropertySearchViewController.m */; };
		AF0D48B91C628F81006CBB1D /* SearchResultsViewController.m in Sources */ = {isa = PBXBuildFile; fileRef = AF0D48B81C628F81006CBB1D /* SearchResultsViewController.m */; };
		AF0D48BD1C6293B7006CBB1D /* SearchResultTableViewCell.m in Sources */ = {isa = PBXBuildFile; fileRef = AF0D48BC1C6293B7006CBB1D /* SearchResultTableViewCell.m */; };
		AF0D48BF1C62940A006CBB1D /* SearchResultTableViewCell.xib in Resources */ = {isa = PBXBuildFile; fileRef = AF0D48BE1C62940A006CBB1D /* SearchResultTableViewCell.xib */; };
		AF0D6A651C6A6CA2009ED006 /* LocationManager.m in Sources */ = {isa = PBXBuildFile; fileRef = AF0D6A641C6A6CA2009ED006 /* LocationManager.m */; };
		AF0D6A681C6BBFBF009ED006 /* PropertyWrapper.swift in Sources */ = {isa = PBXBuildFile; fileRef = AF0D6A671C6BBFBF009ED006 /* PropertyWrapper.swift */; };
		AF0D6A6B1C6BC4BC009ED006 /* PropertyRequest.m in Sources */ = {isa = PBXBuildFile; fileRef = AF0D6A6A1C6BC4BC009ED006 /* PropertyRequest.m */; };
		AF0D6A6E1C6BCE0A009ED006 /* PropertySearchResponse.m in Sources */ = {isa = PBXBuildFile; fileRef = AF0D6A6D1C6BCE0A009ED006 /* PropertySearchResponse.m */; };
		AF1151151C786201000DBDEF /* images.xcassets in Resources */ = {isa = PBXBuildFile; fileRef = AF1151141C786201000DBDEF /* images.xcassets */; };
		AF11511E1C787DE2000DBDEF /* FavoritesViewController.m in Sources */ = {isa = PBXBuildFile; fileRef = AF11511D1C787DE2000DBDEF /* FavoritesViewController.m */; };
		AF1151211C7891AB000DBDEF /* CommentRequest.m in Sources */ = {isa = PBXBuildFile; fileRef = AF1151201C7891AB000DBDEF /* CommentRequest.m */; };
		AF1151241C7892CC000DBDEF /* CommentResponse.m in Sources */ = {isa = PBXBuildFile; fileRef = AF1151231C7892CC000DBDEF /* CommentResponse.m */; };
		AF13A0B91C69115B00AE5D7A /* ProfileWrapper.m in Sources */ = {isa = PBXBuildFile; fileRef = AF13A0B81C69115B00AE5D7A /* ProfileWrapper.m */; };
		AF13A0C21C69245B00AE5D7A /* InfoResponse.m in Sources */ = {isa = PBXBuildFile; fileRef = AF13A0C11C69245B00AE5D7A /* InfoResponse.m */; };
		AF13A0D71C69304C00AE5D7A /* ProfileViewController.m in Sources */ = {isa = PBXBuildFile; fileRef = AF13A0D61C69304C00AE5D7A /* ProfileViewController.m */; };
		AF13A0D91C69359500AE5D7A /* CoreLocation.framework in Frameworks */ = {isa = PBXBuildFile; fileRef = AF13A0D81C69359500AE5D7A /* CoreLocation.framework */; };
		AF13F9B31C738AFF0015779F /* apartment1.jpg in Resources */ = {isa = PBXBuildFile; fileRef = AF13F9AF1C738AFF0015779F /* apartment1.jpg */; };
		AF13F9B41C738AFF0015779F /* apartment2.jpg in Resources */ = {isa = PBXBuildFile; fileRef = AF13F9B01C738AFF0015779F /* apartment2.jpg */; };
		AF13F9B51C738AFF0015779F /* apartment3.jpg in Resources */ = {isa = PBXBuildFile; fileRef = AF13F9B11C738AFF0015779F /* apartment3.jpg */; };
		AF13F9B61C738AFF0015779F /* apartment4.jpg in Resources */ = {isa = PBXBuildFile; fileRef = AF13F9B21C738AFF0015779F /* apartment4.jpg */; };
		AF13F9BB1C73926D0015779F /* Search+CoreDataProperties.m in Sources */ = {isa = PBXBuildFile; fileRef = AF13F9B81C73926D0015779F /* Search+CoreDataProperties.m */; };
		AF13F9BC1C73926D0015779F /* Search.m in Sources */ = {isa = PBXBuildFile; fileRef = AF13F9BA1C73926D0015779F /* Search.m */; };
		AF1932EE1C63D0B8000CD53C /* BaseRequest.m in Sources */ = {isa = PBXBuildFile; fileRef = AF1932EB1C63D0B8000CD53C /* BaseRequest.m */; };
		AF1932EF1C63D0B8000CD53C /* RegisterRequest.m in Sources */ = {isa = PBXBuildFile; fileRef = AF1932ED1C63D0B8000CD53C /* RegisterRequest.m */; };
		AF1932F41C63D0C6000CD53C /* BaseWrapper.m in Sources */ = {isa = PBXBuildFile; fileRef = AF1932F11C63D0C6000CD53C /* BaseWrapper.m */; };
		AF1932F51C63D0C6000CD53C /* SignupWrapper.m in Sources */ = {isa = PBXBuildFile; fileRef = AF1932F31C63D0C6000CD53C /* SignupWrapper.m */; };
		AF1932F81C63D43B000CD53C /* LoginWrapper.m in Sources */ = {isa = PBXBuildFile; fileRef = AF1932F71C63D43B000CD53C /* LoginWrapper.m */; };
		AF1932FB1C63D62A000CD53C /* LoginRequest.m in Sources */ = {isa = PBXBuildFile; fileRef = AF1932FA1C63D62A000CD53C /* LoginRequest.m */; };
		AF1932FF1C63E00A000CD53C /* LoginResponse.m in Sources */ = {isa = PBXBuildFile; fileRef = AF1932FE1C63E00A000CD53C /* LoginResponse.m */; };
		AF1933031C63E900000CD53C /* UserDefaults.m in Sources */ = {isa = PBXBuildFile; fileRef = AF1933021C63E900000CD53C /* UserDefaults.m */; };
		AF22570F1C775B5B0054049A /* PropertyDescriptionViewController.m in Sources */ = {isa = PBXBuildFile; fileRef = AF22570E1C775B5B0054049A /* PropertyDescriptionViewController.m */; };
		AF6F33BC1C81B31800B27BF3 /* AddCommentViewController.m in Sources */ = {isa = PBXBuildFile; fileRef = AF6F33BB1C81B31800B27BF3 /* AddCommentViewController.m */; };
		AF6F33BE1C81C62800B27BF3 /* CommentTableViewCell.xib in Resources */ = {isa = PBXBuildFile; fileRef = AF6F33BD1C81C62800B27BF3 /* CommentTableViewCell.xib */; };
		AF6F33C11C81C72000B27BF3 /* CommentTableViewCell.m in Sources */ = {isa = PBXBuildFile; fileRef = AF6F33C01C81C71F00B27BF3 /* CommentTableViewCell.m */; };
		AFA2CFC81C92DF2600CA2DC6 /* MapKit.framework in Frameworks */ = {isa = PBXBuildFile; fileRef = AFA2CFC71C92DF2600CA2DC6 /* MapKit.framework */; };
		AFA2CFCB1C92F10900CA2DC6 /* CustomAnnotation.m in Sources */ = {isa = PBXBuildFile; fileRef = AFA2CFCA1C92F10900CA2DC6 /* CustomAnnotation.m */; };
		AFB4C8181C750D90000D49B0 /* PropertyCross.xcdatamodeld in Sources */ = {isa = PBXBuildFile; fileRef = AFB4C8151C750D90000D49B0 /* PropertyCross.xcdatamodeld */; };
		AFB4C81D1C750DA6000D49B0 /* UserData+CoreDataProperties.m in Sources */ = {isa = PBXBuildFile; fileRef = AFB4C81A1C750DA6000D49B0 /* UserData+CoreDataProperties.m */; };
		AFB4C81E1C750DA6000D49B0 /* UserData.m in Sources */ = {isa = PBXBuildFile; fileRef = AFB4C81C1C750DA6000D49B0 /* UserData.m */; };
		AFE067011C7728B50034B7F9 /* GeocodingHelper.m in Sources */ = {isa = PBXBuildFile; fileRef = AFE067001C7728B50034B7F9 /* GeocodingHelper.m */; };
		AFFF04BB1C612E380090DD30 /* main.m in Sources */ = {isa = PBXBuildFile; fileRef = AFFF04BA1C612E380090DD30 /* main.m */; };
		AFFF04BE1C612E380090DD30 /* AppDelegate.m in Sources */ = {isa = PBXBuildFile; fileRef = AFFF04BD1C612E380090DD30 /* AppDelegate.m */; };
		AFFF04DD1C61301D0090DD30 /* Main.storyboard in Resources */ = {isa = PBXBuildFile; fileRef = AFFF04DC1C61301D0090DD30 /* Main.storyboard */; };
		AFFF04E11C61306C0090DD30 /* App.xcassets in Resources */ = {isa = PBXBuildFile; fileRef = AFFF04E01C61306C0090DD30 /* App.xcassets */; };
		AFFF04E41C6132C00090DD30 /* LoginViewController.m in Sources */ = {isa = PBXBuildFile; fileRef = AFFF04E31C6132C00090DD30 /* LoginViewController.m */; };
		AFFF04E81C6138C60090DD30 /* Splash.storyboard in Resources */ = {isa = PBXBuildFile; fileRef = AFFF04E71C6138C60090DD30 /* Splash.storyboard */; };
		AFFF04ED1C614BAF0090DD30 /* Property.m in Sources */ = {isa = PBXBuildFile; fileRef = AFFF04EC1C614BAF0090DD30 /* Property.m */; };
		AFFF04F01C614F860090DD30 /* User.m in Sources */ = {isa = PBXBuildFile; fileRef = AFFF04EF1C614F860090DD30 /* User.m */; };
		B1F502B1139B9B83FBA4321B /* libPods-PropertyCross.a in Frameworks */ = {isa = PBXBuildFile; fileRef = 1102C694BFF231EBA6307C99 /* libPods-PropertyCross.a */; };
/* End PBXBuildFile section */

/* Begin PBXFileReference section */
		1102C694BFF231EBA6307C99 /* libPods-PropertyCross.a */ = {isa = PBXFileReference; explicitFileType = archive.ar; includeInIndex = 0; path = "libPods-PropertyCross.a"; sourceTree = BUILT_PRODUCTS_DIR; };
		2579AB275CF2813B665EB2AC /* Pods-PropertyCross.release.xcconfig */ = {isa = PBXFileReference; includeInIndex = 1; lastKnownFileType = text.xcconfig; name = "Pods-PropertyCross.release.xcconfig"; path = "Pods/Target Support Files/Pods-PropertyCross/Pods-PropertyCross.release.xcconfig"; sourceTree = "<group>"; };
		944F1E09DB0A2380AB5CAFCD /* Pods-PropertyCross.debug.xcconfig */ = {isa = PBXFileReference; includeInIndex = 1; lastKnownFileType = text.xcconfig; name = "Pods-PropertyCross.debug.xcconfig"; path = "Pods/Target Support Files/Pods-PropertyCross/Pods-PropertyCross.debug.xcconfig"; sourceTree = "<group>"; };
		AF0A0BCF1C6D108100FA6278 /* CoreDataManager.h */ = {isa = PBXFileReference; fileEncoding = 4; lastKnownFileType = sourcecode.c.h; path = CoreDataManager.h; sourceTree = "<group>"; };
		AF0A0BD01C6D108100FA6278 /* CoreDataManager.m */ = {isa = PBXFileReference; fileEncoding = 4; lastKnownFileType = sourcecode.c.objc; path = CoreDataManager.m; sourceTree = "<group>"; };
		AF0A0BD21C6D109000FA6278 /* CoreData.framework */ = {isa = PBXFileReference; lastKnownFileType = wrapper.framework; name = CoreData.framework; path = System/Library/Frameworks/CoreData.framework; sourceTree = SDKROOT; };
		AF0D48AB1C627CC0006CBB1D /* Foto.h */ = {isa = PBXFileReference; fileEncoding = 4; lastKnownFileType = sourcecode.c.h; name = Foto.h; path = API/Managers/Models/Foto.h; sourceTree = "<group>"; };
		AF0D48AC1C627CC0006CBB1D /* Foto.m */ = {isa = PBXFileReference; fileEncoding = 4; lastKnownFileType = sourcecode.c.objc; name = Foto.m; path = API/Managers/Models/Foto.m; sourceTree = "<group>"; };
		AF0D48AE1C627D6D006CBB1D /* Notificacion.h */ = {isa = PBXFileReference; fileEncoding = 4; lastKnownFileType = sourcecode.c.h; name = Notificacion.h; path = API/Managers/Models/Notificacion.h; sourceTree = "<group>"; };
		AF0D48AF1C627D6D006CBB1D /* Notificacion.m */ = {isa = PBXFileReference; fileEncoding = 4; lastKnownFileType = sourcecode.c.objc; name = Notificacion.m; path = API/Managers/Models/Notificacion.m; sourceTree = "<group>"; };
		AF0D48B11C627E23006CBB1D /* Comentario.h */ = {isa = PBXFileReference; fileEncoding = 4; lastKnownFileType = sourcecode.c.h; name = Comentario.h; path = API/Managers/Models/Comentario.h; sourceTree = "<group>"; };
		AF0D48B21C627E23006CBB1D /* Comentario.m */ = {isa = PBXFileReference; fileEncoding = 4; lastKnownFileType = sourcecode.c.objc; name = Comentario.m; path = API/Managers/Models/Comentario.m; sourceTree = "<group>"; };
		AF0D48B41C6287F3006CBB1D /* PropertySearchViewController.h */ = {isa = PBXFileReference; fileEncoding = 4; lastKnownFileType = sourcecode.c.h; name = PropertySearchViewController.h; path = UI/PropertySearchViewController.h; sourceTree = "<group>"; };
		AF0D48B51C6287F3006CBB1D /* PropertySearchViewController.m */ = {isa = PBXFileReference; fileEncoding = 4; lastKnownFileType = sourcecode.c.objc; name = PropertySearchViewController.m; path = UI/PropertySearchViewController.m; sourceTree = "<group>"; };
		AF0D48B71C628F81006CBB1D /* SearchResultsViewController.h */ = {isa = PBXFileReference; fileEncoding = 4; lastKnownFileType = sourcecode.c.h; name = SearchResultsViewController.h; path = UI/SearchResultsViewController.h; sourceTree = "<group>"; };
		AF0D48B81C628F81006CBB1D /* SearchResultsViewController.m */ = {isa = PBXFileReference; fileEncoding = 4; lastKnownFileType = sourcecode.c.objc; name = SearchResultsViewController.m; path = UI/SearchResultsViewController.m; sourceTree = "<group>"; };
		AF0D48BB1C6293B7006CBB1D /* SearchResultTableViewCell.h */ = {isa = PBXFileReference; fileEncoding = 4; lastKnownFileType = sourcecode.c.h; name = SearchResultTableViewCell.h; path = UI/SearchResultTableViewCell.h; sourceTree = "<group>"; };
		AF0D48BC1C6293B7006CBB1D /* SearchResultTableViewCell.m */ = {isa = PBXFileReference; fileEncoding = 4; lastKnownFileType = sourcecode.c.objc; name = SearchResultTableViewCell.m; path = UI/SearchResultTableViewCell.m; sourceTree = "<group>"; };
		AF0D48BE1C62940A006CBB1D /* SearchResultTableViewCell.xib */ = {isa = PBXFileReference; fileEncoding = 4; lastKnownFileType = file.xib; name = SearchResultTableViewCell.xib; path = UI/SearchResultTableViewCell.xib; sourceTree = "<group>"; };
		AF0D6A631C6A6CA2009ED006 /* LocationManager.h */ = {isa = PBXFileReference; fileEncoding = 4; lastKnownFileType = sourcecode.c.h; path = LocationManager.h; sourceTree = "<group>"; };
		AF0D6A641C6A6CA2009ED006 /* LocationManager.m */ = {isa = PBXFileReference; fileEncoding = 4; lastKnownFileType = sourcecode.c.objc; path = LocationManager.m; sourceTree = "<group>"; };
		AF0D6A661C6BBFBE009ED006 /* PropertyCross-Bridging-Header.h */ = {isa = PBXFileReference; lastKnownFileType = sourcecode.c.h; path = "PropertyCross-Bridging-Header.h"; sourceTree = "<group>"; };
		AF0D6A671C6BBFBF009ED006 /* PropertyWrapper.swift */ = {isa = PBXFileReference; fileEncoding = 4; lastKnownFileType = sourcecode.swift; name = PropertyWrapper.swift; path = API/Managers/Wrappers/PropertyWrapper.swift; sourceTree = "<group>"; };
		AF0D6A691C6BC4BC009ED006 /* PropertyRequest.h */ = {isa = PBXFileReference; fileEncoding = 4; lastKnownFileType = sourcecode.c.h; path = PropertyRequest.h; sourceTree = "<group>"; };
		AF0D6A6A1C6BC4BC009ED006 /* PropertyRequest.m */ = {isa = PBXFileReference; fileEncoding = 4; lastKnownFileType = sourcecode.c.objc; path = PropertyRequest.m; sourceTree = "<group>"; };
		AF0D6A6C1C6BCE0A009ED006 /* PropertySearchResponse.h */ = {isa = PBXFileReference; fileEncoding = 4; lastKnownFileType = sourcecode.c.h; name = PropertySearchResponse.h; path = API/Managers/Models/Responses/PropertySearchResponse.h; sourceTree = "<group>"; };
		AF0D6A6D1C6BCE0A009ED006 /* PropertySearchResponse.m */ = {isa = PBXFileReference; fileEncoding = 4; lastKnownFileType = sourcecode.c.objc; name = PropertySearchResponse.m; path = API/Managers/Models/Responses/PropertySearchResponse.m; sourceTree = "<group>"; };
		AF1151141C786201000DBDEF /* images.xcassets */ = {isa = PBXFileReference; lastKnownFileType = folder.assetcatalog; path = images.xcassets; sourceTree = "<group>"; };
		AF11511C1C787DE2000DBDEF /* FavoritesViewController.h */ = {isa = PBXFileReference; fileEncoding = 4; lastKnownFileType = sourcecode.c.h; name = FavoritesViewController.h; path = UI/FavoritesViewController.h; sourceTree = "<group>"; };
		AF11511D1C787DE2000DBDEF /* FavoritesViewController.m */ = {isa = PBXFileReference; fileEncoding = 4; lastKnownFileType = sourcecode.c.objc; name = FavoritesViewController.m; path = UI/FavoritesViewController.m; sourceTree = "<group>"; };
		AF11511F1C7891AB000DBDEF /* CommentRequest.h */ = {isa = PBXFileReference; fileEncoding = 4; lastKnownFileType = sourcecode.c.h; path = CommentRequest.h; sourceTree = "<group>"; };
		AF1151201C7891AB000DBDEF /* CommentRequest.m */ = {isa = PBXFileReference; fileEncoding = 4; lastKnownFileType = sourcecode.c.objc; path = CommentRequest.m; sourceTree = "<group>"; };
		AF1151221C7892CC000DBDEF /* CommentResponse.h */ = {isa = PBXFileReference; fileEncoding = 4; lastKnownFileType = sourcecode.c.h; name = CommentResponse.h; path = API/Managers/Models/Responses/CommentResponse.h; sourceTree = "<group>"; };
		AF1151231C7892CC000DBDEF /* CommentResponse.m */ = {isa = PBXFileReference; fileEncoding = 4; lastKnownFileType = sourcecode.c.objc; name = CommentResponse.m; path = API/Managers/Models/Responses/CommentResponse.m; sourceTree = "<group>"; };
		AF13A0B71C69115B00AE5D7A /* ProfileWrapper.h */ = {isa = PBXFileReference; fileEncoding = 4; lastKnownFileType = sourcecode.c.h; name = ProfileWrapper.h; path = API/Managers/Wrappers/ProfileWrapper.h; sourceTree = "<group>"; };
		AF13A0B81C69115B00AE5D7A /* ProfileWrapper.m */ = {isa = PBXFileReference; fileEncoding = 4; lastKnownFileType = sourcecode.c.objc; name = ProfileWrapper.m; path = API/Managers/Wrappers/ProfileWrapper.m; sourceTree = "<group>"; };
		AF13A0C01C69245B00AE5D7A /* InfoResponse.h */ = {isa = PBXFileReference; fileEncoding = 4; lastKnownFileType = sourcecode.c.h; name = InfoResponse.h; path = API/Managers/Models/Responses/InfoResponse.h; sourceTree = "<group>"; };
		AF13A0C11C69245B00AE5D7A /* InfoResponse.m */ = {isa = PBXFileReference; fileEncoding = 4; lastKnownFileType = sourcecode.c.objc; name = InfoResponse.m; path = API/Managers/Models/Responses/InfoResponse.m; sourceTree = "<group>"; };
		AF13A0D51C69304C00AE5D7A /* ProfileViewController.h */ = {isa = PBXFileReference; fileEncoding = 4; lastKnownFileType = sourcecode.c.h; name = ProfileViewController.h; path = UI/ProfileViewController.h; sourceTree = "<group>"; };
		AF13A0D61C69304C00AE5D7A /* ProfileViewController.m */ = {isa = PBXFileReference; fileEncoding = 4; lastKnownFileType = sourcecode.c.objc; name = ProfileViewController.m; path = UI/ProfileViewController.m; sourceTree = "<group>"; };
		AF13A0D81C69359500AE5D7A /* CoreLocation.framework */ = {isa = PBXFileReference; lastKnownFileType = wrapper.framework; name = CoreLocation.framework; path = System/Library/Frameworks/CoreLocation.framework; sourceTree = SDKROOT; };
		AF13F9AF1C738AFF0015779F /* apartment1.jpg */ = {isa = PBXFileReference; lastKnownFileType = image.jpeg; name = apartment1.jpg; path = Resources/Images/apartment1.jpg; sourceTree = "<group>"; };
		AF13F9B01C738AFF0015779F /* apartment2.jpg */ = {isa = PBXFileReference; lastKnownFileType = image.jpeg; name = apartment2.jpg; path = Resources/Images/apartment2.jpg; sourceTree = "<group>"; };
		AF13F9B11C738AFF0015779F /* apartment3.jpg */ = {isa = PBXFileReference; lastKnownFileType = image.jpeg; name = apartment3.jpg; path = Resources/Images/apartment3.jpg; sourceTree = "<group>"; };
		AF13F9B21C738AFF0015779F /* apartment4.jpg */ = {isa = PBXFileReference; lastKnownFileType = image.jpeg; name = apartment4.jpg; path = Resources/Images/apartment4.jpg; sourceTree = "<group>"; };
		AF13F9B71C73926D0015779F /* Search+CoreDataProperties.h */ = {isa = PBXFileReference; fileEncoding = 4; lastKnownFileType = sourcecode.c.h; name = "Search+CoreDataProperties.h"; path = "API/Managers/Models/Requests/Search+CoreDataProperties.h"; sourceTree = "<group>"; };
		AF13F9B81C73926D0015779F /* Search+CoreDataProperties.m */ = {isa = PBXFileReference; fileEncoding = 4; lastKnownFileType = sourcecode.c.objc; name = "Search+CoreDataProperties.m"; path = "API/Managers/Models/Requests/Search+CoreDataProperties.m"; sourceTree = "<group>"; };
		AF13F9B91C73926D0015779F /* Search.h */ = {isa = PBXFileReference; fileEncoding = 4; lastKnownFileType = sourcecode.c.h; name = Search.h; path = API/Managers/Models/Requests/Search.h; sourceTree = "<group>"; };
		AF13F9BA1C73926D0015779F /* Search.m */ = {isa = PBXFileReference; fileEncoding = 4; lastKnownFileType = sourcecode.c.objc; name = Search.m; path = API/Managers/Models/Requests/Search.m; sourceTree = "<group>"; };
		AF1932EA1C63D0B8000CD53C /* BaseRequest.h */ = {isa = PBXFileReference; fileEncoding = 4; lastKnownFileType = sourcecode.c.h; path = BaseRequest.h; sourceTree = "<group>"; };
		AF1932EB1C63D0B8000CD53C /* BaseRequest.m */ = {isa = PBXFileReference; fileEncoding = 4; lastKnownFileType = sourcecode.c.objc; path = BaseRequest.m; sourceTree = "<group>"; };
		AF1932EC1C63D0B8000CD53C /* RegisterRequest.h */ = {isa = PBXFileReference; fileEncoding = 4; lastKnownFileType = sourcecode.c.h; path = RegisterRequest.h; sourceTree = "<group>"; };
		AF1932ED1C63D0B8000CD53C /* RegisterRequest.m */ = {isa = PBXFileReference; fileEncoding = 4; lastKnownFileType = sourcecode.c.objc; path = RegisterRequest.m; sourceTree = "<group>"; };
		AF1932F01C63D0C6000CD53C /* BaseWrapper.h */ = {isa = PBXFileReference; fileEncoding = 4; lastKnownFileType = sourcecode.c.h; name = BaseWrapper.h; path = API/Managers/Wrappers/BaseWrapper.h; sourceTree = "<group>"; };
		AF1932F11C63D0C6000CD53C /* BaseWrapper.m */ = {isa = PBXFileReference; fileEncoding = 4; lastKnownFileType = sourcecode.c.objc; name = BaseWrapper.m; path = API/Managers/Wrappers/BaseWrapper.m; sourceTree = "<group>"; };
		AF1932F21C63D0C6000CD53C /* SignupWrapper.h */ = {isa = PBXFileReference; fileEncoding = 4; lastKnownFileType = sourcecode.c.h; name = SignupWrapper.h; path = API/Managers/Wrappers/SignupWrapper.h; sourceTree = "<group>"; };
		AF1932F31C63D0C6000CD53C /* SignupWrapper.m */ = {isa = PBXFileReference; fileEncoding = 4; lastKnownFileType = sourcecode.c.objc; name = SignupWrapper.m; path = API/Managers/Wrappers/SignupWrapper.m; sourceTree = "<group>"; };
		AF1932F61C63D43B000CD53C /* LoginWrapper.h */ = {isa = PBXFileReference; fileEncoding = 4; lastKnownFileType = sourcecode.c.h; name = LoginWrapper.h; path = API/Managers/Wrappers/LoginWrapper.h; sourceTree = "<group>"; };
		AF1932F71C63D43B000CD53C /* LoginWrapper.m */ = {isa = PBXFileReference; fileEncoding = 4; lastKnownFileType = sourcecode.c.objc; name = LoginWrapper.m; path = API/Managers/Wrappers/LoginWrapper.m; sourceTree = "<group>"; };
		AF1932F91C63D62A000CD53C /* LoginRequest.h */ = {isa = PBXFileReference; fileEncoding = 4; lastKnownFileType = sourcecode.c.h; path = LoginRequest.h; sourceTree = "<group>"; };
		AF1932FA1C63D62A000CD53C /* LoginRequest.m */ = {isa = PBXFileReference; fileEncoding = 4; lastKnownFileType = sourcecode.c.objc; path = LoginRequest.m; sourceTree = "<group>"; };
		AF1932FD1C63E00A000CD53C /* LoginResponse.h */ = {isa = PBXFileReference; fileEncoding = 4; lastKnownFileType = sourcecode.c.h; name = LoginResponse.h; path = API/Managers/Models/Responses/LoginResponse.h; sourceTree = "<group>"; };
		AF1932FE1C63E00A000CD53C /* LoginResponse.m */ = {isa = PBXFileReference; fileEncoding = 4; lastKnownFileType = sourcecode.c.objc; name = LoginResponse.m; path = API/Managers/Models/Responses/LoginResponse.m; sourceTree = "<group>"; };
		AF1933001C63E80C000CD53C /* PrefixHeader.pch */ = {isa = PBXFileReference; lastKnownFileType = sourcecode.c.h; path = PrefixHeader.pch; sourceTree = "<group>"; };
		AF1933011C63E900000CD53C /* UserDefaults.h */ = {isa = PBXFileReference; fileEncoding = 4; lastKnownFileType = sourcecode.c.h; path = UserDefaults.h; sourceTree = "<group>"; };
		AF1933021C63E900000CD53C /* UserDefaults.m */ = {isa = PBXFileReference; fileEncoding = 4; lastKnownFileType = sourcecode.c.objc; path = UserDefaults.m; sourceTree = "<group>"; };
		AF22570D1C775B5B0054049A /* PropertyDescriptionViewController.h */ = {isa = PBXFileReference; fileEncoding = 4; lastKnownFileType = sourcecode.c.h; name = PropertyDescriptionViewController.h; path = UI/PropertyDescriptionViewController.h; sourceTree = "<group>"; };
		AF22570E1C775B5B0054049A /* PropertyDescriptionViewController.m */ = {isa = PBXFileReference; fileEncoding = 4; lastKnownFileType = sourcecode.c.objc; name = PropertyDescriptionViewController.m; path = UI/PropertyDescriptionViewController.m; sourceTree = "<group>"; };
		AF6F33BA1C81B31800B27BF3 /* AddCommentViewController.h */ = {isa = PBXFileReference; fileEncoding = 4; lastKnownFileType = sourcecode.c.h; name = AddCommentViewController.h; path = UI/AddCommentViewController.h; sourceTree = "<group>"; };
		AF6F33BB1C81B31800B27BF3 /* AddCommentViewController.m */ = {isa = PBXFileReference; fileEncoding = 4; lastKnownFileType = sourcecode.c.objc; name = AddCommentViewController.m; path = UI/AddCommentViewController.m; sourceTree = "<group>"; };
		AF6F33BD1C81C62800B27BF3 /* CommentTableViewCell.xib */ = {isa = PBXFileReference; fileEncoding = 4; lastKnownFileType = file.xib; path = CommentTableViewCell.xib; sourceTree = "<group>"; };
		AF6F33BF1C81C71F00B27BF3 /* CommentTableViewCell.h */ = {isa = PBXFileReference; fileEncoding = 4; lastKnownFileType = sourcecode.c.h; name = CommentTableViewCell.h; path = UI/CommentTableViewCell.h; sourceTree = "<group>"; };
		AF6F33C01C81C71F00B27BF3 /* CommentTableViewCell.m */ = {isa = PBXFileReference; fileEncoding = 4; lastKnownFileType = sourcecode.c.objc; name = CommentTableViewCell.m; path = UI/CommentTableViewCell.m; sourceTree = "<group>"; };
		AFA2CFC71C92DF2600CA2DC6 /* MapKit.framework */ = {isa = PBXFileReference; lastKnownFileType = wrapper.framework; name = MapKit.framework; path = System/Library/Frameworks/MapKit.framework; sourceTree = SDKROOT; };
		AFA2CFC91C92F10900CA2DC6 /* CustomAnnotation.h */ = {isa = PBXFileReference; fileEncoding = 4; lastKnownFileType = sourcecode.c.h; name = CustomAnnotation.h; path = API/Managers/Models/CustomAnnotation.h; sourceTree = "<group>"; };
		AFA2CFCA1C92F10900CA2DC6 /* CustomAnnotation.m */ = {isa = PBXFileReference; fileEncoding = 4; lastKnownFileType = sourcecode.c.objc; name = CustomAnnotation.m; path = API/Managers/Models/CustomAnnotation.m; sourceTree = "<group>"; };
		AFB4C8161C750D90000D49B0 /* PropertyCross 2.xcdatamodel */ = {isa = PBXFileReference; lastKnownFileType = wrapper.xcdatamodel; path = "PropertyCross 2.xcdatamodel"; sourceTree = "<group>"; };
		AFB4C8171C750D90000D49B0 /* PropertyCross.xcdatamodel */ = {isa = PBXFileReference; lastKnownFileType = wrapper.xcdatamodel; path = PropertyCross.xcdatamodel; sourceTree = "<group>"; };
		AFB4C8191C750DA6000D49B0 /* UserData+CoreDataProperties.h */ = {isa = PBXFileReference; fileEncoding = 4; lastKnownFileType = sourcecode.c.h; name = "UserData+CoreDataProperties.h"; path = "API/Managers/Models/Requests/UserData+CoreDataProperties.h"; sourceTree = "<group>"; };
		AFB4C81A1C750DA6000D49B0 /* UserData+CoreDataProperties.m */ = {isa = PBXFileReference; fileEncoding = 4; lastKnownFileType = sourcecode.c.objc; name = "UserData+CoreDataProperties.m"; path = "API/Managers/Models/Requests/UserData+CoreDataProperties.m"; sourceTree = "<group>"; };
		AFB4C81B1C750DA6000D49B0 /* UserData.h */ = {isa = PBXFileReference; fileEncoding = 4; lastKnownFileType = sourcecode.c.h; name = UserData.h; path = API/Managers/Models/Requests/UserData.h; sourceTree = "<group>"; };
		AFB4C81C1C750DA6000D49B0 /* UserData.m */ = {isa = PBXFileReference; fileEncoding = 4; lastKnownFileType = sourcecode.c.objc; name = UserData.m; path = API/Managers/Models/Requests/UserData.m; sourceTree = "<group>"; };
		AFE066FF1C7728B50034B7F9 /* GeocodingHelper.h */ = {isa = PBXFileReference; fileEncoding = 4; lastKnownFileType = sourcecode.c.h; path = GeocodingHelper.h; sourceTree = "<group>"; };
		AFE067001C7728B50034B7F9 /* GeocodingHelper.m */ = {isa = PBXFileReference; fileEncoding = 4; lastKnownFileType = sourcecode.c.objc; path = GeocodingHelper.m; sourceTree = "<group>"; };
		AFFF04B61C612E380090DD30 /* PropertyCross.app */ = {isa = PBXFileReference; explicitFileType = wrapper.application; includeInIndex = 0; path = PropertyCross.app; sourceTree = BUILT_PRODUCTS_DIR; };
		AFFF04BA1C612E380090DD30 /* main.m */ = {isa = PBXFileReference; lastKnownFileType = sourcecode.c.objc; path = main.m; sourceTree = "<group>"; };
		AFFF04BC1C612E380090DD30 /* AppDelegate.h */ = {isa = PBXFileReference; lastKnownFileType = sourcecode.c.h; path = AppDelegate.h; sourceTree = "<group>"; };
		AFFF04BD1C612E380090DD30 /* AppDelegate.m */ = {isa = PBXFileReference; lastKnownFileType = sourcecode.c.objc; path = AppDelegate.m; sourceTree = "<group>"; };
		AFFF04CA1C612E380090DD30 /* Info.plist */ = {isa = PBXFileReference; lastKnownFileType = text.plist.xml; path = Info.plist; sourceTree = "<group>"; };
		AFFF04DC1C61301D0090DD30 /* Main.storyboard */ = {isa = PBXFileReference; fileEncoding = 4; lastKnownFileType = file.storyboard; name = Main.storyboard; path = Resources/Storyboard/Main.storyboard; sourceTree = "<group>"; };
		AFFF04E01C61306C0090DD30 /* App.xcassets */ = {isa = PBXFileReference; lastKnownFileType = folder.assetcatalog; name = App.xcassets; path = Resources/Images/App.xcassets; sourceTree = "<group>"; };
		AFFF04E21C6132C00090DD30 /* LoginViewController.h */ = {isa = PBXFileReference; fileEncoding = 4; lastKnownFileType = sourcecode.c.h; name = LoginViewController.h; path = UI/LoginViewController.h; sourceTree = "<group>"; };
		AFFF04E31C6132C00090DD30 /* LoginViewController.m */ = {isa = PBXFileReference; fileEncoding = 4; lastKnownFileType = sourcecode.c.objc; name = LoginViewController.m; path = UI/LoginViewController.m; sourceTree = "<group>"; };
		AFFF04E71C6138C60090DD30 /* Splash.storyboard */ = {isa = PBXFileReference; fileEncoding = 4; lastKnownFileType = file.storyboard; path = Splash.storyboard; sourceTree = "<group>"; };
		AFFF04EB1C614BAF0090DD30 /* Property.h */ = {isa = PBXFileReference; fileEncoding = 4; lastKnownFileType = sourcecode.c.h; name = Property.h; path = API/Managers/Models/Property.h; sourceTree = "<group>"; };
		AFFF04EC1C614BAF0090DD30 /* Property.m */ = {isa = PBXFileReference; fileEncoding = 4; lastKnownFileType = sourcecode.c.objc; name = Property.m; path = API/Managers/Models/Property.m; sourceTree = "<group>"; };
		AFFF04EE1C614F860090DD30 /* User.h */ = {isa = PBXFileReference; fileEncoding = 4; lastKnownFileType = sourcecode.c.h; name = User.h; path = API/Managers/Models/User.h; sourceTree = "<group>"; };
		AFFF04EF1C614F860090DD30 /* User.m */ = {isa = PBXFileReference; fileEncoding = 4; lastKnownFileType = sourcecode.c.objc; name = User.m; path = API/Managers/Models/User.m; sourceTree = "<group>"; };
/* End PBXFileReference section */

/* Begin PBXFrameworksBuildPhase section */
		AFFF04B31C612E380090DD30 /* Frameworks */ = {
			isa = PBXFrameworksBuildPhase;
			buildActionMask = 2147483647;
			files = (
				AFA2CFC81C92DF2600CA2DC6 /* MapKit.framework in Frameworks */,
				AF0A0BD31C6D109000FA6278 /* CoreData.framework in Frameworks */,
				AF13A0D91C69359500AE5D7A /* CoreLocation.framework in Frameworks */,
				B1F502B1139B9B83FBA4321B /* libPods-PropertyCross.a in Frameworks */,
			);
			runOnlyForDeploymentPostprocessing = 0;
		};
/* End PBXFrameworksBuildPhase section */

/* Begin PBXGroup section */
		9B9320A9DB53C853A892F662 /* Frameworks */ = {
			isa = PBXGroup;
			children = (
				AFA2CFC71C92DF2600CA2DC6 /* MapKit.framework */,
				AF0A0BD21C6D109000FA6278 /* CoreData.framework */,
				AF13A0D81C69359500AE5D7A /* CoreLocation.framework */,
				1102C694BFF231EBA6307C99 /* libPods-PropertyCross.a */,
			);
			name = Frameworks;
			sourceTree = "<group>";
		};
		AF0A0BD41C6D18D200FA6278 /* Coredata */ = {
			isa = PBXGroup;
			children = (
				AFB4C8151C750D90000D49B0 /* PropertyCross.xcdatamodeld */,
			);
			name = Coredata;
			sourceTree = "<group>";
		};
		AF0D48BA1C62936F006CBB1D /* Controls */ = {
			isa = PBXGroup;
			children = (
				AF0D48BB1C6293B7006CBB1D /* SearchResultTableViewCell.h */,
				AF0D48BC1C6293B7006CBB1D /* SearchResultTableViewCell.m */,
				AF0D48BE1C62940A006CBB1D /* SearchResultTableViewCell.xib */,
				AF6F33BF1C81C71F00B27BF3 /* CommentTableViewCell.h */,
				AF6F33C01C81C71F00B27BF3 /* CommentTableViewCell.m */,
				AF6F33BD1C81C62800B27BF3 /* CommentTableViewCell.xib */,
			);
			name = Controls;
			sourceTree = "<group>";
		};
		AF13F9BD1C73928C0015779F /* Entities */ = {
			isa = PBXGroup;
			children = (
				AF13F9B71C73926D0015779F /* Search+CoreDataProperties.h */,
				AF13F9B81C73926D0015779F /* Search+CoreDataProperties.m */,
				AF13F9B91C73926D0015779F /* Search.h */,
				AF13F9BA1C73926D0015779F /* Search.m */,
				AFB4C8191C750DA6000D49B0 /* UserData+CoreDataProperties.h */,
				AFB4C81A1C750DA6000D49B0 /* UserData+CoreDataProperties.m */,
				AFB4C81B1C750DA6000D49B0 /* UserData.h */,
				AFB4C81C1C750DA6000D49B0 /* UserData.m */,
			);
			name = Entities;
			sourceTree = "<group>";
		};
		AF1932E91C63D0B8000CD53C /* Requests */ = {
			isa = PBXGroup;
			children = (
				AF1932EA1C63D0B8000CD53C /* BaseRequest.h */,
				AF1932EB1C63D0B8000CD53C /* BaseRequest.m */,
				AF1932EC1C63D0B8000CD53C /* RegisterRequest.h */,
				AF1932ED1C63D0B8000CD53C /* RegisterRequest.m */,
				AF1932F91C63D62A000CD53C /* LoginRequest.h */,
				AF1932FA1C63D62A000CD53C /* LoginRequest.m */,
				AF0D6A691C6BC4BC009ED006 /* PropertyRequest.h */,
				AF0D6A6A1C6BC4BC009ED006 /* PropertyRequest.m */,
				AF11511F1C7891AB000DBDEF /* CommentRequest.h */,
				AF1151201C7891AB000DBDEF /* CommentRequest.m */,
			);
			name = Requests;
			path = API/Managers/Models/Requests;
			sourceTree = "<group>";
		};
		AF1932FC1C63DFD3000CD53C /* Response */ = {
			isa = PBXGroup;
			children = (
				AF1932FD1C63E00A000CD53C /* LoginResponse.h */,
				AF1932FE1C63E00A000CD53C /* LoginResponse.m */,
				AF13A0C01C69245B00AE5D7A /* InfoResponse.h */,
				AF13A0C11C69245B00AE5D7A /* InfoResponse.m */,
				AF0D6A6C1C6BCE0A009ED006 /* PropertySearchResponse.h */,
				AF0D6A6D1C6BCE0A009ED006 /* PropertySearchResponse.m */,
				AF1151221C7892CC000DBDEF /* CommentResponse.h */,
				AF1151231C7892CC000DBDEF /* CommentResponse.m */,
			);
			name = Response;
			sourceTree = "<group>";
		};
		AFFF04AD1C612E380090DD30 = {
			isa = PBXGroup;
			children = (
				AFFF04B81C612E380090DD30 /* PropertyCross */,
				AFFF04B71C612E380090DD30 /* Products */,
				BCD6476AF855269EFFC89DEF /* Pods */,
				9B9320A9DB53C853A892F662 /* Frameworks */,
			);
			sourceTree = "<group>";
		};
		AFFF04B71C612E380090DD30 /* Products */ = {
			isa = PBXGroup;
			children = (
				AFFF04B61C612E380090DD30 /* PropertyCross.app */,
			);
			name = Products;
			sourceTree = "<group>";
		};
		AFFF04B81C612E380090DD30 /* PropertyCross */ = {
			isa = PBXGroup;
			children = (
				AFFF04D21C612F2A0090DD30 /* UI */,
				AFFF04D11C612F1E0090DD30 /* Resources */,
				AFFF04D31C612F3C0090DD30 /* API */,
				AFFF04D01C612F120090DD30 /* Utils */,
				AFFF04BC1C612E380090DD30 /* AppDelegate.h */,
				AFFF04BD1C612E380090DD30 /* AppDelegate.m */,
				AFFF04CA1C612E380090DD30 /* Info.plist */,
				AFFF04B91C612E380090DD30 /* Supporting Files */,
			);
			path = PropertyCross;
			sourceTree = "<group>";
		};
		AFFF04B91C612E380090DD30 /* Supporting Files */ = {
			isa = PBXGroup;
			children = (
				AFFF04BA1C612E380090DD30 /* main.m */,
				AF1933001C63E80C000CD53C /* PrefixHeader.pch */,
			);
			name = "Supporting Files";
			sourceTree = "<group>";
		};
		AFFF04D01C612F120090DD30 /* Utils */ = {
			isa = PBXGroup;
			children = (
				AFE066FF1C7728B50034B7F9 /* GeocodingHelper.h */,
				AFE067001C7728B50034B7F9 /* GeocodingHelper.m */,
				AF1933011C63E900000CD53C /* UserDefaults.h */,
				AF1933021C63E900000CD53C /* UserDefaults.m */,
			);
			name = Utils;
			sourceTree = "<group>";
		};
		AFFF04D11C612F1E0090DD30 /* Resources */ = {
			isa = PBXGroup;
			children = (
				AF0A0BD41C6D18D200FA6278 /* Coredata */,
				AFFF04D51C612F4E0090DD30 /* Storyboards */,
				AFFF04D41C612F450090DD30 /* Images */,
			);
			name = Resources;
			sourceTree = "<group>";
		};
		AFFF04D21C612F2A0090DD30 /* UI */ = {
			isa = PBXGroup;
			children = (
				AF0D48BA1C62936F006CBB1D /* Controls */,
				AFFF04D61C612F5B0090DD30 /* Controllers */,
			);
			name = UI;
			sourceTree = "<group>";
		};
		AFFF04D31C612F3C0090DD30 /* API */ = {
			isa = PBXGroup;
			children = (
				AFFF04D71C612F690090DD30 /* Managers */,
				AFFF04D81C612F710090DD30 /* Models */,
				AFFF04D91C612F790090DD30 /* Wrappers */,
			);
			name = API;
			sourceTree = "<group>";
		};
		AFFF04D41C612F450090DD30 /* Images */ = {
			isa = PBXGroup;
			children = (
				AF13F9AF1C738AFF0015779F /* apartment1.jpg */,
				AF13F9B01C738AFF0015779F /* apartment2.jpg */,
				AF13F9B11C738AFF0015779F /* apartment3.jpg */,
				AF13F9B21C738AFF0015779F /* apartment4.jpg */,
				AFFF04E01C61306C0090DD30 /* App.xcassets */,
				AF1151141C786201000DBDEF /* images.xcassets */,
			);
			name = Images;
			sourceTree = "<group>";
		};
		AFFF04D51C612F4E0090DD30 /* Storyboards */ = {
			isa = PBXGroup;
			children = (
				AFFF04DC1C61301D0090DD30 /* Main.storyboard */,
				AFFF04E71C6138C60090DD30 /* Splash.storyboard */,
			);
			name = Storyboards;
			sourceTree = "<group>";
		};
		AFFF04D61C612F5B0090DD30 /* Controllers */ = {
			isa = PBXGroup;
			children = (
				AFFF04E91C6143680090DD30 /* Authentication */,
				AF0D48B41C6287F3006CBB1D /* PropertySearchViewController.h */,
				AF0D48B51C6287F3006CBB1D /* PropertySearchViewController.m */,
				AF0D48B71C628F81006CBB1D /* SearchResultsViewController.h */,
				AF0D48B81C628F81006CBB1D /* SearchResultsViewController.m */,
				AF22570D1C775B5B0054049A /* PropertyDescriptionViewController.h */,
				AF22570E1C775B5B0054049A /* PropertyDescriptionViewController.m */,
				AF11511C1C787DE2000DBDEF /* FavoritesViewController.h */,
				AF11511D1C787DE2000DBDEF /* FavoritesViewController.m */,
				AF6F33BA1C81B31800B27BF3 /* AddCommentViewController.h */,
				AF6F33BB1C81B31800B27BF3 /* AddCommentViewController.m */,
			);
			name = Controllers;
			sourceTree = "<group>";
		};
		AFFF04D71C612F690090DD30 /* Managers */ = {
			isa = PBXGroup;
			children = (
				AF0A0BCF1C6D108100FA6278 /* CoreDataManager.h */,
				AF0A0BD01C6D108100FA6278 /* CoreDataManager.m */,
				AF0D6A631C6A6CA2009ED006 /* LocationManager.h */,
				AF0D6A641C6A6CA2009ED006 /* LocationManager.m */,
			);
			name = Managers;
			sourceTree = "<group>";
		};
		AFFF04D81C612F710090DD30 /* Models */ = {
			isa = PBXGroup;
			children = (
				AF13F9BD1C73928C0015779F /* Entities */,
				AF1932FC1C63DFD3000CD53C /* Response */,
				AF1932E91C63D0B8000CD53C /* Requests */,
				AFFF04EB1C614BAF0090DD30 /* Property.h */,
				AFFF04EC1C614BAF0090DD30 /* Property.m */,
				AFFF04EE1C614F860090DD30 /* User.h */,
				AFFF04EF1C614F860090DD30 /* User.m */,
				AF0D48AB1C627CC0006CBB1D /* Foto.h */,
				AF0D48AC1C627CC0006CBB1D /* Foto.m */,
				AF0D48AE1C627D6D006CBB1D /* Notificacion.h */,
				AF0D48AF1C627D6D006CBB1D /* Notificacion.m */,
				AF0D48B11C627E23006CBB1D /* Comentario.h */,
				AF0D48B21C627E23006CBB1D /* Comentario.m */,
				AFA2CFC91C92F10900CA2DC6 /* CustomAnnotation.h */,
				AFA2CFCA1C92F10900CA2DC6 /* CustomAnnotation.m */,
			);
			name = Models;
			sourceTree = "<group>";
		};
		AFFF04D91C612F790090DD30 /* Wrappers */ = {
			isa = PBXGroup;
			children = (
				AF1932F01C63D0C6000CD53C /* BaseWrapper.h */,
				AF1932F11C63D0C6000CD53C /* BaseWrapper.m */,
				AF1932F21C63D0C6000CD53C /* SignupWrapper.h */,
				AF1932F31C63D0C6000CD53C /* SignupWrapper.m */,
				AF1932F61C63D43B000CD53C /* LoginWrapper.h */,
				AF1932F71C63D43B000CD53C /* LoginWrapper.m */,
				AF13A0B71C69115B00AE5D7A /* ProfileWrapper.h */,
				AF13A0B81C69115B00AE5D7A /* ProfileWrapper.m */,
				AF0D6A671C6BBFBF009ED006 /* PropertyWrapper.swift */,
				AF0D6A661C6BBFBE009ED006 /* PropertyCross-Bridging-Header.h */,
			);
			name = Wrappers;
			sourceTree = "<group>";
		};
		AFFF04E91C6143680090DD30 /* Authentication */ = {
			isa = PBXGroup;
			children = (
				AFFF04E21C6132C00090DD30 /* LoginViewController.h */,
				AFFF04E31C6132C00090DD30 /* LoginViewController.m */,
				AF13A0D51C69304C00AE5D7A /* ProfileViewController.h */,
				AF13A0D61C69304C00AE5D7A /* ProfileViewController.m */,
			);
			name = Authentication;
			sourceTree = "<group>";
		};
		BCD6476AF855269EFFC89DEF /* Pods */ = {
			isa = PBXGroup;
			children = (
				944F1E09DB0A2380AB5CAFCD /* Pods-PropertyCross.debug.xcconfig */,
				2579AB275CF2813B665EB2AC /* Pods-PropertyCross.release.xcconfig */,
			);
			name = Pods;
			sourceTree = "<group>";
		};
/* End PBXGroup section */

/* Begin PBXNativeTarget section */
		AFFF04B51C612E380090DD30 /* PropertyCross */ = {
			isa = PBXNativeTarget;
			buildConfigurationList = AFFF04CD1C612E380090DD30 /* Build configuration list for PBXNativeTarget "PropertyCross" */;
			buildPhases = (
				1E5C3613A090F3FA5706ED2B /* Check Pods Manifest.lock */,
				AFFF04B21C612E380090DD30 /* Sources */,
				AFFF04B31C612E380090DD30 /* Frameworks */,
				AFFF04B41C612E380090DD30 /* Resources */,
				A56D586C65D396805E7F510D /* Embed Pods Frameworks */,
				3F6353F593E973927AFC47D1 /* Copy Pods Resources */,
			);
			buildRules = (
			);
			dependencies = (
			);
			name = PropertyCross;
			productName = PropertyCross;
			productReference = AFFF04B61C612E380090DD30 /* PropertyCross.app */;
			productType = "com.apple.product-type.application";
		};
/* End PBXNativeTarget section */

/* Begin PBXProject section */
		AFFF04AE1C612E380090DD30 /* Project object */ = {
			isa = PBXProject;
			attributes = {
				LastUpgradeCheck = 0710;
				ORGANIZATIONNAME = "La Salle Master";
				TargetAttributes = {
					AFFF04B51C612E380090DD30 = {
						CreatedOnToolsVersion = 7.1;
					};
				};
			};
			buildConfigurationList = AFFF04B11C612E380090DD30 /* Build configuration list for PBXProject "PropertyCross" */;
			compatibilityVersion = "Xcode 3.2";
			developmentRegion = English;
			hasScannedForEncodings = 0;
			knownRegions = (
				en,
				Base,
			);
			mainGroup = AFFF04AD1C612E380090DD30;
			productRefGroup = AFFF04B71C612E380090DD30 /* Products */;
			projectDirPath = "";
			projectRoot = "";
			targets = (
				AFFF04B51C612E380090DD30 /* PropertyCross */,
			);
		};
/* End PBXProject section */

/* Begin PBXResourcesBuildPhase section */
		AFFF04B41C612E380090DD30 /* Resources */ = {
			isa = PBXResourcesBuildPhase;
			buildActionMask = 2147483647;
			files = (
				AFFF04DD1C61301D0090DD30 /* Main.storyboard in Resources */,
				AF13F9B61C738AFF0015779F /* apartment4.jpg in Resources */,
				AF13F9B41C738AFF0015779F /* apartment2.jpg in Resources */,
				AFFF04E11C61306C0090DD30 /* App.xcassets in Resources */,
				AF13F9B31C738AFF0015779F /* apartment1.jpg in Resources */,
				AF0D48BF1C62940A006CBB1D /* SearchResultTableViewCell.xib in Resources */,
				AF1151151C786201000DBDEF /* images.xcassets in Resources */,
				AF13F9B51C738AFF0015779F /* apartment3.jpg in Resources */,
				AFFF04E81C6138C60090DD30 /* Splash.storyboard in Resources */,
				AF6F33BE1C81C62800B27BF3 /* CommentTableViewCell.xib in Resources */,
			);
			runOnlyForDeploymentPostprocessing = 0;
		};
/* End PBXResourcesBuildPhase section */

/* Begin PBXShellScriptBuildPhase section */
		1E5C3613A090F3FA5706ED2B /* Check Pods Manifest.lock */ = {
			isa = PBXShellScriptBuildPhase;
			buildActionMask = 2147483647;
			files = (
			);
			inputPaths = (
			);
			name = "Check Pods Manifest.lock";
			outputPaths = (
			);
			runOnlyForDeploymentPostprocessing = 0;
			shellPath = /bin/sh;
			shellScript = "diff \"${PODS_ROOT}/../Podfile.lock\" \"${PODS_ROOT}/Manifest.lock\" > /dev/null\nif [[ $? != 0 ]] ; then\n    cat << EOM\nerror: The sandbox is not in sync with the Podfile.lock. Run 'pod install' or update your CocoaPods installation.\nEOM\n    exit 1\nfi\n";
			showEnvVarsInLog = 0;
		};
		3F6353F593E973927AFC47D1 /* Copy Pods Resources */ = {
			isa = PBXShellScriptBuildPhase;
			buildActionMask = 2147483647;
			files = (
			);
			inputPaths = (
			);
			name = "Copy Pods Resources";
			outputPaths = (
			);
			runOnlyForDeploymentPostprocessing = 0;
			shellPath = /bin/sh;
			shellScript = "\"${SRCROOT}/Pods/Target Support Files/Pods-PropertyCross/Pods-PropertyCross-resources.sh\"\n";
			showEnvVarsInLog = 0;
		};
		A56D586C65D396805E7F510D /* Embed Pods Frameworks */ = {
			isa = PBXShellScriptBuildPhase;
			buildActionMask = 2147483647;
			files = (
			);
			inputPaths = (
			);
			name = "Embed Pods Frameworks";
			outputPaths = (
			);
			runOnlyForDeploymentPostprocessing = 0;
			shellPath = /bin/sh;
			shellScript = "\"${SRCROOT}/Pods/Target Support Files/Pods-PropertyCross/Pods-PropertyCross-frameworks.sh\"\n";
			showEnvVarsInLog = 0;
		};
/* End PBXShellScriptBuildPhase section */

/* Begin PBXSourcesBuildPhase section */
		AFFF04B21C612E380090DD30 /* Sources */ = {
			isa = PBXSourcesBuildPhase;
			buildActionMask = 2147483647;
			files = (
				AF1932EF1C63D0B8000CD53C /* RegisterRequest.m in Sources */,
				AFB4C8181C750D90000D49B0 /* PropertyCross.xcdatamodeld in Sources */,
				AF1933031C63E900000CD53C /* UserDefaults.m in Sources */,
				AF0D48BD1C6293B7006CBB1D /* SearchResultTableViewCell.m in Sources */,
				AF22570F1C775B5B0054049A /* PropertyDescriptionViewController.m in Sources */,
				AF0D48B31C627E23006CBB1D /* Comentario.m in Sources */,
				AF1932F81C63D43B000CD53C /* LoginWrapper.m in Sources */,
				AF1932FF1C63E00A000CD53C /* LoginResponse.m in Sources */,
				AF0D48B91C628F81006CBB1D /* SearchResultsViewController.m in Sources */,
				AFE067011C7728B50034B7F9 /* GeocodingHelper.m in Sources */,
				AF1932F41C63D0C6000CD53C /* BaseWrapper.m in Sources */,
				AF13A0D71C69304C00AE5D7A /* ProfileViewController.m in Sources */,
				AF1932F51C63D0C6000CD53C /* SignupWrapper.m in Sources */,
				AF0D48B61C6287F3006CBB1D /* PropertySearchViewController.m in Sources */,
				AF0D6A6B1C6BC4BC009ED006 /* PropertyRequest.m in Sources */,
				AF1932EE1C63D0B8000CD53C /* BaseRequest.m in Sources */,
				AF6F33C11C81C72000B27BF3 /* CommentTableViewCell.m in Sources */,
				AF1932FB1C63D62A000CD53C /* LoginRequest.m in Sources */,
				AFFF04F01C614F860090DD30 /* User.m in Sources */,
				AF6F33BC1C81B31800B27BF3 /* AddCommentViewController.m in Sources */,
				AF0D6A6E1C6BCE0A009ED006 /* PropertySearchResponse.m in Sources */,
				AF0D6A681C6BBFBF009ED006 /* PropertyWrapper.swift in Sources */,
				AF13A0B91C69115B00AE5D7A /* ProfileWrapper.m in Sources */,
				AFFF04BE1C612E380090DD30 /* AppDelegate.m in Sources */,
				AFB4C81E1C750DA6000D49B0 /* UserData.m in Sources */,
				AFFF04BB1C612E380090DD30 /* main.m in Sources */,
				AF0D48AD1C627CC0006CBB1D /* Foto.m in Sources */,
				AF0A0BD11C6D108100FA6278 /* CoreDataManager.m in Sources */,
				AFFF04ED1C614BAF0090DD30 /* Property.m in Sources */,
				AF1151241C7892CC000DBDEF /* CommentResponse.m in Sources */,
				AF0D6A651C6A6CA2009ED006 /* LocationManager.m in Sources */,
				AF0D48B01C627D6D006CBB1D /* Notificacion.m in Sources */,
				AFFF04E41C6132C00090DD30 /* LoginViewController.m in Sources */,
				AF11511E1C787DE2000DBDEF /* FavoritesViewController.m in Sources */,
				AF13F9BC1C73926D0015779F /* Search.m in Sources */,
				AFA2CFCB1C92F10900CA2DC6 /* CustomAnnotation.m in Sources */,
				AF13A0C21C69245B00AE5D7A /* InfoResponse.m in Sources */,
				AF13F9BB1C73926D0015779F /* Search+CoreDataProperties.m in Sources */,
				AFB4C81D1C750DA6000D49B0 /* UserData+CoreDataProperties.m in Sources */,
				AF1151211C7891AB000DBDEF /* CommentRequest.m in Sources */,
			);
			runOnlyForDeploymentPostprocessing = 0;
		};
/* End PBXSourcesBuildPhase section */

/* Begin XCBuildConfiguration section */
		AFFF04CB1C612E380090DD30 /* Debug */ = {
			isa = XCBuildConfiguration;
			buildSettings = {
				ALWAYS_SEARCH_USER_PATHS = NO;
				CLANG_CXX_LANGUAGE_STANDARD = "gnu++0x";
				CLANG_CXX_LIBRARY = "libc++";
				CLANG_ENABLE_MODULES = YES;
				CLANG_ENABLE_OBJC_ARC = YES;
				CLANG_WARN_BOOL_CONVERSION = YES;
				CLANG_WARN_CONSTANT_CONVERSION = YES;
				CLANG_WARN_DIRECT_OBJC_ISA_USAGE = YES_ERROR;
				CLANG_WARN_EMPTY_BODY = YES;
				CLANG_WARN_ENUM_CONVERSION = YES;
				CLANG_WARN_INT_CONVERSION = YES;
				CLANG_WARN_OBJC_ROOT_CLASS = YES_ERROR;
				CLANG_WARN_UNREACHABLE_CODE = YES;
				CLANG_WARN__DUPLICATE_METHOD_MATCH = YES;
				"CODE_SIGN_IDENTITY[sdk=iphoneos*]" = "iPhone Developer";
				COPY_PHASE_STRIP = NO;
				DEBUG_INFORMATION_FORMAT = dwarf;
				ENABLE_STRICT_OBJC_MSGSEND = YES;
				ENABLE_TESTABILITY = YES;
				GCC_C_LANGUAGE_STANDARD = gnu99;
				GCC_DYNAMIC_NO_PIC = NO;
				GCC_NO_COMMON_BLOCKS = YES;
				GCC_OPTIMIZATION_LEVEL = 0;
				GCC_PREPROCESSOR_DEFINITIONS = (
					"DEBUG=1",
					"$(inherited)",
				);
				GCC_WARN_64_TO_32_BIT_CONVERSION = YES;
				GCC_WARN_ABOUT_RETURN_TYPE = YES_ERROR;
				GCC_WARN_UNDECLARED_SELECTOR = YES;
				GCC_WARN_UNINITIALIZED_AUTOS = YES_AGGRESSIVE;
				GCC_WARN_UNUSED_FUNCTION = YES;
				GCC_WARN_UNUSED_VARIABLE = YES;
				IPHONEOS_DEPLOYMENT_TARGET = 9.1;
				MTL_ENABLE_DEBUG_INFO = YES;
				ONLY_ACTIVE_ARCH = YES;
				SDKROOT = iphoneos;
				TARGETED_DEVICE_FAMILY = "1,2";
			};
			name = Debug;
		};
		AFFF04CC1C612E380090DD30 /* Release */ = {
			isa = XCBuildConfiguration;
			buildSettings = {
				ALWAYS_SEARCH_USER_PATHS = NO;
				CLANG_CXX_LANGUAGE_STANDARD = "gnu++0x";
				CLANG_CXX_LIBRARY = "libc++";
				CLANG_ENABLE_MODULES = YES;
				CLANG_ENABLE_OBJC_ARC = YES;
				CLANG_WARN_BOOL_CONVERSION = YES;
				CLANG_WARN_CONSTANT_CONVERSION = YES;
				CLANG_WARN_DIRECT_OBJC_ISA_USAGE = YES_ERROR;
				CLANG_WARN_EMPTY_BODY = YES;
				CLANG_WARN_ENUM_CONVERSION = YES;
				CLANG_WARN_INT_CONVERSION = YES;
				CLANG_WARN_OBJC_ROOT_CLASS = YES_ERROR;
				CLANG_WARN_UNREACHABLE_CODE = YES;
				CLANG_WARN__DUPLICATE_METHOD_MATCH = YES;
				"CODE_SIGN_IDENTITY[sdk=iphoneos*]" = "iPhone Developer";
				COPY_PHASE_STRIP = NO;
				DEBUG_INFORMATION_FORMAT = "dwarf-with-dsym";
				ENABLE_NS_ASSERTIONS = NO;
				ENABLE_STRICT_OBJC_MSGSEND = YES;
				GCC_C_LANGUAGE_STANDARD = gnu99;
				GCC_NO_COMMON_BLOCKS = YES;
				GCC_WARN_64_TO_32_BIT_CONVERSION = YES;
				GCC_WARN_ABOUT_RETURN_TYPE = YES_ERROR;
				GCC_WARN_UNDECLARED_SELECTOR = YES;
				GCC_WARN_UNINITIALIZED_AUTOS = YES_AGGRESSIVE;
				GCC_WARN_UNUSED_FUNCTION = YES;
				GCC_WARN_UNUSED_VARIABLE = YES;
				IPHONEOS_DEPLOYMENT_TARGET = 9.1;
				MTL_ENABLE_DEBUG_INFO = NO;
				SDKROOT = iphoneos;
				TARGETED_DEVICE_FAMILY = "1,2";
				VALIDATE_PRODUCT = YES;
			};
			name = Release;
		};
		AFFF04CE1C612E380090DD30 /* Debug */ = {
			isa = XCBuildConfiguration;
			baseConfigurationReference = 944F1E09DB0A2380AB5CAFCD /* Pods-PropertyCross.debug.xcconfig */;
			buildSettings = {
				ASSETCATALOG_COMPILER_APPICON_NAME = AppIcon;
				ASSETCATALOG_COMPILER_LAUNCHIMAGE_NAME = LaunchImage;
				CLANG_ENABLE_MODULES = YES;
				GCC_PREFIX_HEADER = ./PropertyCross/PrefixHeader.pch;
				INFOPLIST_FILE = PropertyCross/Info.plist;
				LD_RUNPATH_SEARCH_PATHS = "$(inherited) @executable_path/Frameworks";
				PRODUCT_BUNDLE_IDENTIFIER = edu.lasalle.master.PropertyCross;
				PRODUCT_NAME = "$(TARGET_NAME)";
				SWIFT_OBJC_BRIDGING_HEADER = "PropertyCross/PropertyCross-Bridging-Header.h";
				SWIFT_OPTIMIZATION_LEVEL = "-Onone";
				TARGETED_DEVICE_FAMILY = 1;
			};
			name = Debug;
		};
		AFFF04CF1C612E380090DD30 /* Release */ = {
			isa = XCBuildConfiguration;
			baseConfigurationReference = 2579AB275CF2813B665EB2AC /* Pods-PropertyCross.release.xcconfig */;
			buildSettings = {
				ASSETCATALOG_COMPILER_APPICON_NAME = AppIcon;
				ASSETCATALOG_COMPILER_LAUNCHIMAGE_NAME = LaunchImage;
				CLANG_ENABLE_MODULES = YES;
				GCC_PREFIX_HEADER = ./PropertyCross/PrefixHeader.pch;
				INFOPLIST_FILE = PropertyCross/Info.plist;
				LD_RUNPATH_SEARCH_PATHS = "$(inherited) @executable_path/Frameworks";
				PRODUCT_BUNDLE_IDENTIFIER = edu.lasalle.master.PropertyCross;
				PRODUCT_NAME = "$(TARGET_NAME)";
				SWIFT_OBJC_BRIDGING_HEADER = "PropertyCross/PropertyCross-Bridging-Header.h";
				TARGETED_DEVICE_FAMILY = 1;
			};
			name = Release;
		};
/* End XCBuildConfiguration section */

/* Begin XCConfigurationList section */
		AFFF04B11C612E380090DD30 /* Build configuration list for PBXProject "PropertyCross" */ = {
			isa = XCConfigurationList;
			buildConfigurations = (
				AFFF04CB1C612E380090DD30 /* Debug */,
				AFFF04CC1C612E380090DD30 /* Release */,
			);
			defaultConfigurationIsVisible = 0;
			defaultConfigurationName = Release;
		};
		AFFF04CD1C612E380090DD30 /* Build configuration list for PBXNativeTarget "PropertyCross" */ = {
			isa = XCConfigurationList;
			buildConfigurations = (
				AFFF04CE1C612E380090DD30 /* Debug */,
				AFFF04CF1C612E380090DD30 /* Release */,
			);
			defaultConfigurationIsVisible = 0;
			defaultConfigurationName = Release;
		};
/* End XCConfigurationList section */

/* Begin XCVersionGroup section */
		AFB4C8151C750D90000D49B0 /* PropertyCross.xcdatamodeld */ = {
			isa = XCVersionGroup;
			children = (
				AFB4C8161C750D90000D49B0 /* PropertyCross 2.xcdatamodel */,
				AFB4C8171C750D90000D49B0 /* PropertyCross.xcdatamodel */,
			);
			currentVersion = AFB4C8161C750D90000D49B0 /* PropertyCross 2.xcdatamodel */;
			name = PropertyCross.xcdatamodeld;
			path = Resources/PropertyCross.xcdatamodeld;
			sourceTree = "<group>";
			versionGroupType = wrapper.xcdatamodel;
		};
/* End XCVersionGroup section */
	};
	rootObject = AFFF04AE1C612E380090DD30 /* Project object */;
}
